// !$*UTF8*$!
{
	archiveVersion = 1;
	classes = {
	};
	objectVersion = 46;
	objects = {

/* Begin PBXBuildFile section */
		0C589D2B1F3B169E009F8A0F /* CGFloatExtension.swift in Sources */ = {isa = PBXBuildFile; fileRef = 0C589D2A1F3B169E009F8A0F /* CGFloatExtension.swift */; };
		0CAFAFAA1F39DEF1007EBB26 /* AppDelegate.swift in Sources */ = {isa = PBXBuildFile; fileRef = 0CAFAFA91F39DEF1007EBB26 /* AppDelegate.swift */; };
		0CAFAFAC1F39DEF1007EBB26 /* ViewController.swift in Sources */ = {isa = PBXBuildFile; fileRef = 0CAFAFAB1F39DEF1007EBB26 /* ViewController.swift */; };
		0CAFAFAF1F39DEF1007EBB26 /* Main.storyboard in Resources */ = {isa = PBXBuildFile; fileRef = 0CAFAFAD1F39DEF1007EBB26 /* Main.storyboard */; };
		0CAFAFB11F39DEF1007EBB26 /* Assets.xcassets in Resources */ = {isa = PBXBuildFile; fileRef = 0CAFAFB01F39DEF1007EBB26 /* Assets.xcassets */; };
		0CAFAFB41F39DEF1007EBB26 /* LaunchScreen.storyboard in Resources */ = {isa = PBXBuildFile; fileRef = 0CAFAFB21F39DEF1007EBB26 /* LaunchScreen.storyboard */; };
		0CAFAFBF1F39DEF1007EBB26 /* Weather_AlarmTests.swift in Sources */ = {isa = PBXBuildFile; fileRef = 0CAFAFBE1F39DEF1007EBB26 /* Weather_AlarmTests.swift */; };
		0CAFAFCA1F39DEF1007EBB26 /* Weather_AlarmUITests.swift in Sources */ = {isa = PBXBuildFile; fileRef = 0CAFAFC91F39DEF1007EBB26 /* Weather_AlarmUITests.swift */; };
		0CAFAFDE1F39DF6C007EBB26 /* TimerView.swift in Sources */ = {isa = PBXBuildFile; fileRef = 0CAFAFDD1F39DF6C007EBB26 /* TimerView.swift */; };
		0CAFAFE11F39DFB6007EBB26 /* UIColorExtension.swift in Sources */ = {isa = PBXBuildFile; fileRef = 0CAFAFE01F39DFB6007EBB26 /* UIColorExtension.swift */; };
		0CAFAFE31F39DFDA007EBB26 /* NSShadowExtension.swift in Sources */ = {isa = PBXBuildFile; fileRef = 0CAFAFE21F39DFDA007EBB26 /* NSShadowExtension.swift */; };
		0CAFAFE51F39E001007EBB26 /* Weather.swift in Sources */ = {isa = PBXBuildFile; fileRef = 0CAFAFE41F39E001007EBB26 /* Weather.swift */; };
		0CAFAFE71F39E04C007EBB26 /* Circle.swift in Sources */ = {isa = PBXBuildFile; fileRef = 0CAFAFE61F39E04C007EBB26 /* Circle.swift */; };
		0CAFAFE91F39E08F007EBB26 /* BaseCircle.swift in Sources */ = {isa = PBXBuildFile; fileRef = 0CAFAFE81F39E08F007EBB26 /* BaseCircle.swift */; };
		7F199DC51F4E9AAF004D24A6 /* Test.swift in Sources */ = {isa = PBXBuildFile; fileRef = 7F199DC41F4E9AAF004D24A6 /* Test.swift */; };
		7F6446E81F3DB9C50044B58E /* ReturnButton.swift in Sources */ = {isa = PBXBuildFile; fileRef = 7F6446E71F3DB9C50044B58E /* ReturnButton.swift */; };
		7F7618F01F3C373C005BE6AC /* ClockFace.swift in Sources */ = {isa = PBXBuildFile; fileRef = 7F7618EF1F3C373C005BE6AC /* ClockFace.swift */; };
		7F7618F21F3C375C005BE6AC /* CirclePath.swift in Sources */ = {isa = PBXBuildFile; fileRef = 7F7618F11F3C375C005BE6AC /* CirclePath.swift */; };
		7F7618F41F3C3763005BE6AC /* MinuteCircle.swift in Sources */ = {isa = PBXBuildFile; fileRef = 7F7618F31F3C3763005BE6AC /* MinuteCircle.swift */; };
		7F7618F61F3C3766005BE6AC /* HourCircle.swift in Sources */ = {isa = PBXBuildFile; fileRef = 7F7618F51F3C3766005BE6AC /* HourCircle.swift */; };
		7F7618F81F3C376A005BE6AC /* Days.swift in Sources */ = {isa = PBXBuildFile; fileRef = 7F7618F71F3C376A005BE6AC /* Days.swift */; };
		7F7618FA1F3C376F005BE6AC /* PowerButton.swift in Sources */ = {isa = PBXBuildFile; fileRef = 7F7618F91F3C376F005BE6AC /* PowerButton.swift */; };
		7F859F351F459513006E0A9C /* UIButtonExtension.swift in Sources */ = {isa = PBXBuildFile; fileRef = 7F859F341F459513006E0A9C /* UIButtonExtension.swift */; };
		7F8C81301F5530F5000C303C /* RotationController.swift in Sources */ = {isa = PBXBuildFile; fileRef = 7F8C812F1F5530F5000C303C /* RotationController.swift */; };
		7FF0C3291F3C6BF900D226EA /* Shapes.swift in Sources */ = {isa = PBXBuildFile; fileRef = 7FF0C3281F3C6BF900D226EA /* Shapes.swift */; };
/* End PBXBuildFile section */

/* Begin PBXContainerItemProxy section */
		0CAFAFBB1F39DEF1007EBB26 /* PBXContainerItemProxy */ = {
			isa = PBXContainerItemProxy;
			containerPortal = 0CAFAF9E1F39DEF1007EBB26 /* Project object */;
			proxyType = 1;
			remoteGlobalIDString = 0CAFAFA51F39DEF1007EBB26;
			remoteInfo = Weather_Alarm;
		};
		0CAFAFC61F39DEF1007EBB26 /* PBXContainerItemProxy */ = {
			isa = PBXContainerItemProxy;
			containerPortal = 0CAFAF9E1F39DEF1007EBB26 /* Project object */;
			proxyType = 1;
			remoteGlobalIDString = 0CAFAFA51F39DEF1007EBB26;
			remoteInfo = Weather_Alarm;
		};
/* End PBXContainerItemProxy section */

/* Begin PBXFileReference section */
		0C589D2A1F3B169E009F8A0F /* CGFloatExtension.swift */ = {isa = PBXFileReference; fileEncoding = 4; lastKnownFileType = sourcecode.swift; path = CGFloatExtension.swift; sourceTree = "<group>"; };
		0CAFAFA61F39DEF1007EBB26 /* Weather_Alarm.app */ = {isa = PBXFileReference; explicitFileType = wrapper.application; includeInIndex = 0; path = Weather_Alarm.app; sourceTree = BUILT_PRODUCTS_DIR; };
		0CAFAFA91F39DEF1007EBB26 /* AppDelegate.swift */ = {isa = PBXFileReference; lastKnownFileType = sourcecode.swift; path = AppDelegate.swift; sourceTree = "<group>"; };
		0CAFAFAB1F39DEF1007EBB26 /* ViewController.swift */ = {isa = PBXFileReference; lastKnownFileType = sourcecode.swift; path = ViewController.swift; sourceTree = "<group>"; };
		0CAFAFAE1F39DEF1007EBB26 /* Base */ = {isa = PBXFileReference; lastKnownFileType = file.storyboard; name = Base; path = Base.lproj/Main.storyboard; sourceTree = "<group>"; };
		0CAFAFB01F39DEF1007EBB26 /* Assets.xcassets */ = {isa = PBXFileReference; lastKnownFileType = folder.assetcatalog; path = Assets.xcassets; sourceTree = "<group>"; };
		0CAFAFB31F39DEF1007EBB26 /* Base */ = {isa = PBXFileReference; lastKnownFileType = file.storyboard; name = Base; path = Base.lproj/LaunchScreen.storyboard; sourceTree = "<group>"; };
		0CAFAFB51F39DEF1007EBB26 /* Info.plist */ = {isa = PBXFileReference; lastKnownFileType = text.plist.xml; path = Info.plist; sourceTree = "<group>"; };
		0CAFAFBA1F39DEF1007EBB26 /* Weather_AlarmTests.xctest */ = {isa = PBXFileReference; explicitFileType = wrapper.cfbundle; includeInIndex = 0; path = Weather_AlarmTests.xctest; sourceTree = BUILT_PRODUCTS_DIR; };
		0CAFAFBE1F39DEF1007EBB26 /* Weather_AlarmTests.swift */ = {isa = PBXFileReference; lastKnownFileType = sourcecode.swift; path = Weather_AlarmTests.swift; sourceTree = "<group>"; };
		0CAFAFC01F39DEF1007EBB26 /* Info.plist */ = {isa = PBXFileReference; lastKnownFileType = text.plist.xml; path = Info.plist; sourceTree = "<group>"; };
		0CAFAFC51F39DEF1007EBB26 /* Weather_AlarmUITests.xctest */ = {isa = PBXFileReference; explicitFileType = wrapper.cfbundle; includeInIndex = 0; path = Weather_AlarmUITests.xctest; sourceTree = BUILT_PRODUCTS_DIR; };
		0CAFAFC91F39DEF1007EBB26 /* Weather_AlarmUITests.swift */ = {isa = PBXFileReference; lastKnownFileType = sourcecode.swift; path = Weather_AlarmUITests.swift; sourceTree = "<group>"; };
		0CAFAFCB1F39DEF1007EBB26 /* Info.plist */ = {isa = PBXFileReference; lastKnownFileType = text.plist.xml; path = Info.plist; sourceTree = "<group>"; };
		0CAFAFDD1F39DF6C007EBB26 /* TimerView.swift */ = {isa = PBXFileReference; fileEncoding = 4; lastKnownFileType = sourcecode.swift; path = TimerView.swift; sourceTree = "<group>"; };
		0CAFAFE01F39DFB6007EBB26 /* UIColorExtension.swift */ = {isa = PBXFileReference; fileEncoding = 4; lastKnownFileType = sourcecode.swift; path = UIColorExtension.swift; sourceTree = "<group>"; };
		0CAFAFE21F39DFDA007EBB26 /* NSShadowExtension.swift */ = {isa = PBXFileReference; fileEncoding = 4; lastKnownFileType = sourcecode.swift; path = NSShadowExtension.swift; sourceTree = "<group>"; };
		0CAFAFE41F39E001007EBB26 /* Weather.swift */ = {isa = PBXFileReference; fileEncoding = 4; lastKnownFileType = sourcecode.swift; path = Weather.swift; sourceTree = "<group>"; };
		0CAFAFE61F39E04C007EBB26 /* Circle.swift */ = {isa = PBXFileReference; fileEncoding = 4; lastKnownFileType = sourcecode.swift; path = Circle.swift; sourceTree = "<group>"; };
		0CAFAFE81F39E08F007EBB26 /* BaseCircle.swift */ = {isa = PBXFileReference; fileEncoding = 4; lastKnownFileType = sourcecode.swift; path = BaseCircle.swift; sourceTree = "<group>"; };
		7F199DC41F4E9AAF004D24A6 /* Test.swift */ = {isa = PBXFileReference; fileEncoding = 4; lastKnownFileType = sourcecode.swift; path = Test.swift; sourceTree = "<group>"; };
		7F6446E71F3DB9C50044B58E /* ReturnButton.swift */ = {isa = PBXFileReference; fileEncoding = 4; lastKnownFileType = sourcecode.swift; path = ReturnButton.swift; sourceTree = "<group>"; };
		7F7618EF1F3C373C005BE6AC /* ClockFace.swift */ = {isa = PBXFileReference; fileEncoding = 4; lastKnownFileType = sourcecode.swift; path = ClockFace.swift; sourceTree = "<group>"; };
		7F7618F11F3C375C005BE6AC /* CirclePath.swift */ = {isa = PBXFileReference; fileEncoding = 4; lastKnownFileType = sourcecode.swift; path = CirclePath.swift; sourceTree = "<group>"; };
		7F7618F31F3C3763005BE6AC /* MinuteCircle.swift */ = {isa = PBXFileReference; fileEncoding = 4; lastKnownFileType = sourcecode.swift; path = MinuteCircle.swift; sourceTree = "<group>"; };
		7F7618F51F3C3766005BE6AC /* HourCircle.swift */ = {isa = PBXFileReference; fileEncoding = 4; lastKnownFileType = sourcecode.swift; path = HourCircle.swift; sourceTree = "<group>"; };
		7F7618F71F3C376A005BE6AC /* Days.swift */ = {isa = PBXFileReference; fileEncoding = 4; lastKnownFileType = sourcecode.swift; path = Days.swift; sourceTree = "<group>"; };
		7F7618F91F3C376F005BE6AC /* PowerButton.swift */ = {isa = PBXFileReference; fileEncoding = 4; lastKnownFileType = sourcecode.swift; path = PowerButton.swift; sourceTree = "<group>"; };
		7F859F341F459513006E0A9C /* UIButtonExtension.swift */ = {isa = PBXFileReference; fileEncoding = 4; lastKnownFileType = sourcecode.swift; path = UIButtonExtension.swift; sourceTree = "<group>"; };
		7F8C812F1F5530F5000C303C /* RotationController.swift */ = {isa = PBXFileReference; fileEncoding = 4; lastKnownFileType = sourcecode.swift; path = RotationController.swift; sourceTree = "<group>"; };
		7FF0C3281F3C6BF900D226EA /* Shapes.swift */ = {isa = PBXFileReference; fileEncoding = 4; lastKnownFileType = sourcecode.swift; path = Shapes.swift; sourceTree = "<group>"; };
/* End PBXFileReference section */

/* Begin PBXFrameworksBuildPhase section */
		0CAFAFA31F39DEF1007EBB26 /* Frameworks */ = {
			isa = PBXFrameworksBuildPhase;
			buildActionMask = 2147483647;
			files = (
			);
			runOnlyForDeploymentPostprocessing = 0;
		};
		0CAFAFB71F39DEF1007EBB26 /* Frameworks */ = {
			isa = PBXFrameworksBuildPhase;
			buildActionMask = 2147483647;
			files = (
			);
			runOnlyForDeploymentPostprocessing = 0;
		};
		0CAFAFC21F39DEF1007EBB26 /* Frameworks */ = {
			isa = PBXFrameworksBuildPhase;
			buildActionMask = 2147483647;
			files = (
			);
			runOnlyForDeploymentPostprocessing = 0;
		};
/* End PBXFrameworksBuildPhase section */

/* Begin PBXGroup section */
		0C589D1A1F3B1438009F8A0F /* AlarmView */ = {
			isa = PBXGroup;
			children = (
				7F7618F11F3C375C005BE6AC /* CirclePath.swift */,
				7F7618F31F3C3763005BE6AC /* MinuteCircle.swift */,
				7FF0C3281F3C6BF900D226EA /* Shapes.swift */,
				7F7618F51F3C3766005BE6AC /* HourCircle.swift */,
				7F7618F71F3C376A005BE6AC /* Days.swift */,
				7F7618F91F3C376F005BE6AC /* PowerButton.swift */,
				7F6446E71F3DB9C50044B58E /* ReturnButton.swift */,
			);
			name = AlarmView;
			sourceTree = "<group>";
		};
		0C589D251F3B1615009F8A0F /* Utils */ = {
			isa = PBXGroup;
			children = (
				7F199DC41F4E9AAF004D24A6 /* Test.swift */,
				7F7618EF1F3C373C005BE6AC /* ClockFace.swift */,
				7F8C812F1F5530F5000C303C /* RotationController.swift */,
			);
			name = Utils;
			sourceTree = "<group>";
		};
		0CAFAF9D1F39DEF1007EBB26 = {
			isa = PBXGroup;
			children = (
				0CAFAFA81F39DEF1007EBB26 /* Weather_Alarm */,
				0CAFAFBD1F39DEF1007EBB26 /* Weather_AlarmTests */,
				0CAFAFC81F39DEF1007EBB26 /* Weather_AlarmUITests */,
				0CAFAFA71F39DEF1007EBB26 /* Products */,
			);
			sourceTree = "<group>";
		};
		0CAFAFA71F39DEF1007EBB26 /* Products */ = {
			isa = PBXGroup;
			children = (
				0CAFAFA61F39DEF1007EBB26 /* Weather_Alarm.app */,
				0CAFAFBA1F39DEF1007EBB26 /* Weather_AlarmTests.xctest */,
				0CAFAFC51F39DEF1007EBB26 /* Weather_AlarmUITests.xctest */,
			);
			name = Products;
			sourceTree = "<group>";
		};
		0CAFAFA81F39DEF1007EBB26 /* Weather_Alarm */ = {
			isa = PBXGroup;
			children = (
				0C589D251F3B1615009F8A0F /* Utils */,
				0C589D1A1F3B1438009F8A0F /* AlarmView */,
				0CAFAFDF1F39DF92007EBB26 /* Extensions */,
				0CAFAFDC1F39DF45007EBB26 /* WeatherView */,
				0CAFAFA91F39DEF1007EBB26 /* AppDelegate.swift */,
				0CAFAFAB1F39DEF1007EBB26 /* ViewController.swift */,
				0CAFAFAD1F39DEF1007EBB26 /* Main.storyboard */,
				0CAFAFB01F39DEF1007EBB26 /* Assets.xcassets */,
				0CAFAFB21F39DEF1007EBB26 /* LaunchScreen.storyboard */,
				0CAFAFB51F39DEF1007EBB26 /* Info.plist */,
			);
			path = Weather_Alarm;
			sourceTree = "<group>";
		};
		0CAFAFBD1F39DEF1007EBB26 /* Weather_AlarmTests */ = {
			isa = PBXGroup;
			children = (
				0CAFAFBE1F39DEF1007EBB26 /* Weather_AlarmTests.swift */,
				0CAFAFC01F39DEF1007EBB26 /* Info.plist */,
			);
			path = Weather_AlarmTests;
			sourceTree = "<group>";
		};
		0CAFAFC81F39DEF1007EBB26 /* Weather_AlarmUITests */ = {
			isa = PBXGroup;
			children = (
				0CAFAFC91F39DEF1007EBB26 /* Weather_AlarmUITests.swift */,
				0CAFAFCB1F39DEF1007EBB26 /* Info.plist */,
			);
			path = Weather_AlarmUITests;
			sourceTree = "<group>";
		};
		0CAFAFDC1F39DF45007EBB26 /* WeatherView */ = {
			isa = PBXGroup;
			children = (
				0CAFAFDD1F39DF6C007EBB26 /* TimerView.swift */,
				0CAFAFE41F39E001007EBB26 /* Weather.swift */,
				0CAFAFE61F39E04C007EBB26 /* Circle.swift */,
				0CAFAFE81F39E08F007EBB26 /* BaseCircle.swift */,
			);
			name = WeatherView;
			sourceTree = "<group>";
		};
		0CAFAFDF1F39DF92007EBB26 /* Extensions */ = {
			isa = PBXGroup;
			children = (
				0CAFAFE01F39DFB6007EBB26 /* UIColorExtension.swift */,
				0CAFAFE21F39DFDA007EBB26 /* NSShadowExtension.swift */,
				0C589D2A1F3B169E009F8A0F /* CGFloatExtension.swift */,
				7F859F341F459513006E0A9C /* UIButtonExtension.swift */,
			);
			name = Extensions;
			sourceTree = "<group>";
		};
/* End PBXGroup section */

/* Begin PBXNativeTarget section */
		0CAFAFA51F39DEF1007EBB26 /* Weather_Alarm */ = {
			isa = PBXNativeTarget;
			buildConfigurationList = 0CAFAFCE1F39DEF1007EBB26 /* Build configuration list for PBXNativeTarget "Weather_Alarm" */;
			buildPhases = (
				0CAFAFA21F39DEF1007EBB26 /* Sources */,
				0CAFAFA31F39DEF1007EBB26 /* Frameworks */,
				0CAFAFA41F39DEF1007EBB26 /* Resources */,
			);
			buildRules = (
			);
			dependencies = (
			);
			name = Weather_Alarm;
			productName = Weather_Alarm;
			productReference = 0CAFAFA61F39DEF1007EBB26 /* Weather_Alarm.app */;
			productType = "com.apple.product-type.application";
		};
		0CAFAFB91F39DEF1007EBB26 /* Weather_AlarmTests */ = {
			isa = PBXNativeTarget;
			buildConfigurationList = 0CAFAFD11F39DEF1007EBB26 /* Build configuration list for PBXNativeTarget "Weather_AlarmTests" */;
			buildPhases = (
				0CAFAFB61F39DEF1007EBB26 /* Sources */,
				0CAFAFB71F39DEF1007EBB26 /* Frameworks */,
				0CAFAFB81F39DEF1007EBB26 /* Resources */,
			);
			buildRules = (
			);
			dependencies = (
				0CAFAFBC1F39DEF1007EBB26 /* PBXTargetDependency */,
			);
			name = Weather_AlarmTests;
			productName = Weather_AlarmTests;
			productReference = 0CAFAFBA1F39DEF1007EBB26 /* Weather_AlarmTests.xctest */;
			productType = "com.apple.product-type.bundle.unit-test";
		};
		0CAFAFC41F39DEF1007EBB26 /* Weather_AlarmUITests */ = {
			isa = PBXNativeTarget;
			buildConfigurationList = 0CAFAFD41F39DEF1007EBB26 /* Build configuration list for PBXNativeTarget "Weather_AlarmUITests" */;
			buildPhases = (
				0CAFAFC11F39DEF1007EBB26 /* Sources */,
				0CAFAFC21F39DEF1007EBB26 /* Frameworks */,
				0CAFAFC31F39DEF1007EBB26 /* Resources */,
			);
			buildRules = (
			);
			dependencies = (
				0CAFAFC71F39DEF1007EBB26 /* PBXTargetDependency */,
			);
			name = Weather_AlarmUITests;
			productName = Weather_AlarmUITests;
			productReference = 0CAFAFC51F39DEF1007EBB26 /* Weather_AlarmUITests.xctest */;
			productType = "com.apple.product-type.bundle.ui-testing";
		};
/* End PBXNativeTarget section */

/* Begin PBXProject section */
		0CAFAF9E1F39DEF1007EBB26 /* Project object */ = {
			isa = PBXProject;
			attributes = {
				LastSwiftUpdateCheck = 0830;
				LastUpgradeCheck = 0830;
				ORGANIZATIONNAME = HighPeak;
				TargetAttributes = {
					0CAFAFA51F39DEF1007EBB26 = {
						CreatedOnToolsVersion = 8.3.3;
						DevelopmentTeam = B2YC3Y2382;
						ProvisioningStyle = Automatic;
					};
					0CAFAFB91F39DEF1007EBB26 = {
						CreatedOnToolsVersion = 8.3.3;
						ProvisioningStyle = Automatic;
						TestTargetID = 0CAFAFA51F39DEF1007EBB26;
					};
					0CAFAFC41F39DEF1007EBB26 = {
						CreatedOnToolsVersion = 8.3.3;
						ProvisioningStyle = Automatic;
						TestTargetID = 0CAFAFA51F39DEF1007EBB26;
					};
				};
			};
			buildConfigurationList = 0CAFAFA11F39DEF1007EBB26 /* Build configuration list for PBXProject "Weather_Alarm" */;
			compatibilityVersion = "Xcode 3.2";
			developmentRegion = English;
			hasScannedForEncodings = 0;
			knownRegions = (
				en,
				Base,
			);
			mainGroup = 0CAFAF9D1F39DEF1007EBB26;
			productRefGroup = 0CAFAFA71F39DEF1007EBB26 /* Products */;
			projectDirPath = "";
			projectRoot = "";
			targets = (
				0CAFAFA51F39DEF1007EBB26 /* Weather_Alarm */,
				0CAFAFB91F39DEF1007EBB26 /* Weather_AlarmTests */,
				0CAFAFC41F39DEF1007EBB26 /* Weather_AlarmUITests */,
			);
		};
/* End PBXProject section */

/* Begin PBXResourcesBuildPhase section */
		0CAFAFA41F39DEF1007EBB26 /* Resources */ = {
			isa = PBXResourcesBuildPhase;
			buildActionMask = 2147483647;
			files = (
				0CAFAFB41F39DEF1007EBB26 /* LaunchScreen.storyboard in Resources */,
				0CAFAFB11F39DEF1007EBB26 /* Assets.xcassets in Resources */,
				0CAFAFAF1F39DEF1007EBB26 /* Main.storyboard in Resources */,
			);
			runOnlyForDeploymentPostprocessing = 0;
		};
		0CAFAFB81F39DEF1007EBB26 /* Resources */ = {
			isa = PBXResourcesBuildPhase;
			buildActionMask = 2147483647;
			files = (
			);
			runOnlyForDeploymentPostprocessing = 0;
		};
		0CAFAFC31F39DEF1007EBB26 /* Resources */ = {
			isa = PBXResourcesBuildPhase;
			buildActionMask = 2147483647;
			files = (
			);
			runOnlyForDeploymentPostprocessing = 0;
		};
/* End PBXResourcesBuildPhase section */

/* Begin PBXSourcesBuildPhase section */
		0CAFAFA21F39DEF1007EBB26 /* Sources */ = {
			isa = PBXSourcesBuildPhase;
			buildActionMask = 2147483647;
			files = (
				0CAFAFE91F39E08F007EBB26 /* BaseCircle.swift in Sources */,
				7F859F351F459513006E0A9C /* UIButtonExtension.swift in Sources */,
				7F7618F81F3C376A005BE6AC /* Days.swift in Sources */,
				7F7618F61F3C3766005BE6AC /* HourCircle.swift in Sources */,
				7F7618F01F3C373C005BE6AC /* ClockFace.swift in Sources */,
				7F7618FA1F3C376F005BE6AC /* PowerButton.swift in Sources */,
				0CAFAFE71F39E04C007EBB26 /* Circle.swift in Sources */,
				0CAFAFDE1F39DF6C007EBB26 /* TimerView.swift in Sources */,
				0CAFAFAC1F39DEF1007EBB26 /* ViewController.swift in Sources */,
				7F7618F21F3C375C005BE6AC /* CirclePath.swift in Sources */,
				7FF0C3291F3C6BF900D226EA /* Shapes.swift in Sources */,
				7F7618F41F3C3763005BE6AC /* MinuteCircle.swift in Sources */,
				7F6446E81F3DB9C50044B58E /* ReturnButton.swift in Sources */,
				0CAFAFE31F39DFDA007EBB26 /* NSShadowExtension.swift in Sources */,
				0CAFAFAA1F39DEF1007EBB26 /* AppDelegate.swift in Sources */,
				7F8C81301F5530F5000C303C /* RotationController.swift in Sources */,
				7F199DC51F4E9AAF004D24A6 /* Test.swift in Sources */,
				0CAFAFE51F39E001007EBB26 /* Weather.swift in Sources */,
				0C589D2B1F3B169E009F8A0F /* CGFloatExtension.swift in Sources */,
				0CAFAFE11F39DFB6007EBB26 /* UIColorExtension.swift in Sources */,
			);
			runOnlyForDeploymentPostprocessing = 0;
		};
		0CAFAFB61F39DEF1007EBB26 /* Sources */ = {
			isa = PBXSourcesBuildPhase;
			buildActionMask = 2147483647;
			files = (
				0CAFAFBF1F39DEF1007EBB26 /* Weather_AlarmTests.swift in Sources */,
			);
			runOnlyForDeploymentPostprocessing = 0;
		};
		0CAFAFC11F39DEF1007EBB26 /* Sources */ = {
			isa = PBXSourcesBuildPhase;
			buildActionMask = 2147483647;
			files = (
				0CAFAFCA1F39DEF1007EBB26 /* Weather_AlarmUITests.swift in Sources */,
			);
			runOnlyForDeploymentPostprocessing = 0;
		};
/* End PBXSourcesBuildPhase section */

/* Begin PBXTargetDependency section */
		0CAFAFBC1F39DEF1007EBB26 /* PBXTargetDependency */ = {
			isa = PBXTargetDependency;
			target = 0CAFAFA51F39DEF1007EBB26 /* Weather_Alarm */;
			targetProxy = 0CAFAFBB1F39DEF1007EBB26 /* PBXContainerItemProxy */;
		};
		0CAFAFC71F39DEF1007EBB26 /* PBXTargetDependency */ = {
			isa = PBXTargetDependency;
			target = 0CAFAFA51F39DEF1007EBB26 /* Weather_Alarm */;
			targetProxy = 0CAFAFC61F39DEF1007EBB26 /* PBXContainerItemProxy */;
		};
/* End PBXTargetDependency section */

/* Begin PBXVariantGroup section */
		0CAFAFAD1F39DEF1007EBB26 /* Main.storyboard */ = {
			isa = PBXVariantGroup;
			children = (
				0CAFAFAE1F39DEF1007EBB26 /* Base */,
			);
			name = Main.storyboard;
			sourceTree = "<group>";
		};
		0CAFAFB21F39DEF1007EBB26 /* LaunchScreen.storyboard */ = {
			isa = PBXVariantGroup;
			children = (
				0CAFAFB31F39DEF1007EBB26 /* Base */,
			);
			name = LaunchScreen.storyboard;
			sourceTree = "<group>";
		};
/* End PBXVariantGroup section */

/* Begin XCBuildConfiguration section */
		0CAFAFCC1F39DEF1007EBB26 /* Debug */ = {
			isa = XCBuildConfiguration;
			buildSettings = {
				ALWAYS_SEARCH_USER_PATHS = NO;
				CLANG_ANALYZER_NONNULL = YES;
				CLANG_ANALYZER_NUMBER_OBJECT_CONVERSION = YES_AGGRESSIVE;
				CLANG_CXX_LANGUAGE_STANDARD = "gnu++0x";
				CLANG_CXX_LIBRARY = "libc++";
				CLANG_ENABLE_MODULES = YES;
				CLANG_ENABLE_OBJC_ARC = YES;
				CLANG_WARN_BOOL_CONVERSION = YES;
				CLANG_WARN_CONSTANT_CONVERSION = YES;
				CLANG_WARN_DIRECT_OBJC_ISA_USAGE = YES_ERROR;
				CLANG_WARN_DOCUMENTATION_COMMENTS = YES;
				CLANG_WARN_EMPTY_BODY = YES;
				CLANG_WARN_ENUM_CONVERSION = YES;
				CLANG_WARN_INFINITE_RECURSION = YES;
				CLANG_WARN_INT_CONVERSION = YES;
				CLANG_WARN_OBJC_ROOT_CLASS = YES_ERROR;
				CLANG_WARN_SUSPICIOUS_MOVE = YES;
				CLANG_WARN_UNREACHABLE_CODE = YES;
				CLANG_WARN__DUPLICATE_METHOD_MATCH = YES;
				"CODE_SIGN_IDENTITY[sdk=iphoneos*]" = "iPhone Developer";
				COPY_PHASE_STRIP = NO;
				DEBUG_INFORMATION_FORMAT = dwarf;
				ENABLE_STRICT_OBJC_MSGSEND = YES;
				ENABLE_TESTABILITY = YES;
				GCC_C_LANGUAGE_STANDARD = gnu99;
				GCC_DYNAMIC_NO_PIC = NO;
				GCC_NO_COMMON_BLOCKS = YES;
				GCC_OPTIMIZATION_LEVEL = 0;
				GCC_PREPROCESSOR_DEFINITIONS = (
					"DEBUG=1",
					"$(inherited)",
				);
				GCC_WARN_64_TO_32_BIT_CONVERSION = YES;
				GCC_WARN_ABOUT_RETURN_TYPE = YES_ERROR;
				GCC_WARN_UNDECLARED_SELECTOR = YES;
				GCC_WARN_UNINITIALIZED_AUTOS = YES_AGGRESSIVE;
				GCC_WARN_UNUSED_FUNCTION = YES;
				GCC_WARN_UNUSED_VARIABLE = YES;
				IPHONEOS_DEPLOYMENT_TARGET = 10.3;
				MTL_ENABLE_DEBUG_INFO = YES;
				ONLY_ACTIVE_ARCH = YES;
				SDKROOT = iphoneos;
				SWIFT_ACTIVE_COMPILATION_CONDITIONS = DEBUG;
				SWIFT_OPTIMIZATION_LEVEL = "-Onone";
				TARGETED_DEVICE_FAMILY = "1,2";
			};
			name = Debug;
		};
		0CAFAFCD1F39DEF1007EBB26 /* Release */ = {
			isa = XCBuildConfiguration;
			buildSettings = {
				ALWAYS_SEARCH_USER_PATHS = NO;
				CLANG_ANALYZER_NONNULL = YES;
				CLANG_ANALYZER_NUMBER_OBJECT_CONVERSION = YES_AGGRESSIVE;
				CLANG_CXX_LANGUAGE_STANDARD = "gnu++0x";
				CLANG_CXX_LIBRARY = "libc++";
				CLANG_ENABLE_MODULES = YES;
				CLANG_ENABLE_OBJC_ARC = YES;
				CLANG_WARN_BOOL_CONVERSION = YES;
				CLANG_WARN_CONSTANT_CONVERSION = YES;
				CLANG_WARN_DIRECT_OBJC_ISA_USAGE = YES_ERROR;
				CLANG_WARN_DOCUMENTATION_COMMENTS = YES;
				CLANG_WARN_EMPTY_BODY = YES;
				CLANG_WARN_ENUM_CONVERSION = YES;
				CLANG_WARN_INFINITE_RECURSION = YES;
				CLANG_WARN_INT_CONVERSION = YES;
				CLANG_WARN_OBJC_ROOT_CLASS = YES_ERROR;
				CLANG_WARN_SUSPICIOUS_MOVE = YES;
				CLANG_WARN_UNREACHABLE_CODE = YES;
				CLANG_WARN__DUPLICATE_METHOD_MATCH = YES;
				"CODE_SIGN_IDENTITY[sdk=iphoneos*]" = "iPhone Developer";
				COPY_PHASE_STRIP = NO;
				DEBUG_INFORMATION_FORMAT = "dwarf-with-dsym";
				ENABLE_NS_ASSERTIONS = NO;
				ENABLE_STRICT_OBJC_MSGSEND = YES;
				GCC_C_LANGUAGE_STANDARD = gnu99;
				GCC_NO_COMMON_BLOCKS = YES;
				GCC_WARN_64_TO_32_BIT_CONVERSION = YES;
				GCC_WARN_ABOUT_RETURN_TYPE = YES_ERROR;
				GCC_WARN_UNDECLARED_SELECTOR = YES;
				GCC_WARN_UNINITIALIZED_AUTOS = YES_AGGRESSIVE;
				GCC_WARN_UNUSED_FUNCTION = YES;
				GCC_WARN_UNUSED_VARIABLE = YES;
				IPHONEOS_DEPLOYMENT_TARGET = 10.3;
				MTL_ENABLE_DEBUG_INFO = NO;
				SDKROOT = iphoneos;
				SWIFT_OPTIMIZATION_LEVEL = "-Owholemodule";
				TARGETED_DEVICE_FAMILY = "1,2";
				VALIDATE_PRODUCT = YES;
			};
			name = Release;
		};
		0CAFAFCF1F39DEF1007EBB26 /* Debug */ = {
			isa = XCBuildConfiguration;
			buildSettings = {
				ASSETCATALOG_COMPILER_APPICON_NAME = AppIcon;
				"CODE_SIGN_IDENTITY[sdk=iphoneos*]" = "iPhone Developer";
				DEVELOPMENT_TEAM = B2YC3Y2382;
				INFOPLIST_FILE = Weather_Alarm/Info.plist;
				LD_RUNPATH_SEARCH_PATHS = "$(inherited) @executable_path/Frameworks";
				PRODUCT_BUNDLE_IDENTIFIER = com.highpeak.WeatherAlarm;
				PRODUCT_NAME = "$(TARGET_NAME)";
				PROVISIONING_PROFILE_SPECIFIER = "";
				SWIFT_VERSION = 3.0;
			};
			name = Debug;
		};
		0CAFAFD01F39DEF1007EBB26 /* Release */ = {
			isa = XCBuildConfiguration;
			buildSettings = {
				ASSETCATALOG_COMPILER_APPICON_NAME = AppIcon;
				"CODE_SIGN_IDENTITY[sdk=iphoneos*]" = "iPhone Developer";
				DEVELOPMENT_TEAM = B2YC3Y2382;
				INFOPLIST_FILE = Weather_Alarm/Info.plist;
				LD_RUNPATH_SEARCH_PATHS = "$(inherited) @executable_path/Frameworks";
				PRODUCT_BUNDLE_IDENTIFIER = com.highpeak.WeatherAlarm;
				PRODUCT_NAME = "$(TARGET_NAME)";
				PROVISIONING_PROFILE_SPECIFIER = "";
				SWIFT_VERSION = 3.0;
			};
			name = Release;
		};
		0CAFAFD21F39DEF1007EBB26 /* Debug */ = {
			isa = XCBuildConfiguration;
			buildSettings = {
				ALWAYS_EMBED_SWIFT_STANDARD_LIBRARIES = YES;
				BUNDLE_LOADER = "$(TEST_HOST)";
				INFOPLIST_FILE = Weather_AlarmTests/Info.plist;
				LD_RUNPATH_SEARCH_PATHS = "$(inherited) @executable_path/Frameworks @loader_path/Frameworks";
				PRODUCT_BUNDLE_IDENTIFIER = "com.highpeak.Weather-AlarmTests";
				PRODUCT_NAME = "$(TARGET_NAME)";
				SWIFT_VERSION = 3.0;
				TEST_HOST = "$(BUILT_PRODUCTS_DIR)/Weather_Alarm.app/Weather_Alarm";
			};
			name = Debug;
		};
		0CAFAFD31F39DEF1007EBB26 /* Release */ = {
			isa = XCBuildConfiguration;
			buildSettings = {
				ALWAYS_EMBED_SWIFT_STANDARD_LIBRARIES = YES;
				BUNDLE_LOADER = "$(TEST_HOST)";
				INFOPLIST_FILE = Weather_AlarmTests/Info.plist;
				LD_RUNPATH_SEARCH_PATHS = "$(inherited) @executable_path/Frameworks @loader_path/Frameworks";
				PRODUCT_BUNDLE_IDENTIFIER = "com.highpeak.Weather-AlarmTests";
				PRODUCT_NAME = "$(TARGET_NAME)";
				SWIFT_VERSION = 3.0;
				TEST_HOST = "$(BUILT_PRODUCTS_DIR)/Weather_Alarm.app/Weather_Alarm";
			};
			name = Release;
		};
		0CAFAFD51F39DEF1007EBB26 /* Debug */ = {
			isa = XCBuildConfiguration;
			buildSettings = {
				ALWAYS_EMBED_SWIFT_STANDARD_LIBRARIES = YES;
				INFOPLIST_FILE = Weather_AlarmUITests/Info.plist;
				LD_RUNPATH_SEARCH_PATHS = "$(inherited) @executable_path/Frameworks @loader_path/Frameworks";
				PRODUCT_BUNDLE_IDENTIFIER = "com.highpeak.Weather-AlarmUITests";
				PRODUCT_NAME = "$(TARGET_NAME)";
				SWIFT_VERSION = 3.0;
				TEST_TARGET_NAME = Weather_Alarm;
			};
			name = Debug;
		};
		0CAFAFD61F39DEF1007EBB26 /* Release */ = {
			isa = XCBuildConfiguration;
			buildSettings = {
				ALWAYS_EMBED_SWIFT_STANDARD_LIBRARIES = YES;
				INFOPLIST_FILE = Weather_AlarmUITests/Info.plist;
				LD_RUNPATH_SEARCH_PATHS = "$(inherited) @executable_path/Frameworks @loader_path/Frameworks";
				PRODUCT_BUNDLE_IDENTIFIER = "com.highpeak.Weather-AlarmUITests";
				PRODUCT_NAME = "$(TARGET_NAME)";
				SWIFT_VERSION = 3.0;
				TEST_TARGET_NAME = Weather_Alarm;
			};
			name = Release;
		};
/* End XCBuildConfiguration section */

/* Begin XCConfigurationList section */
		0CAFAFA11F39DEF1007EBB26 /* Build configuration list for PBXProject "Weather_Alarm" */ = {
			isa = XCConfigurationList;
			buildConfigurations = (
				0CAFAFCC1F39DEF1007EBB26 /* Debug */,
				0CAFAFCD1F39DEF1007EBB26 /* Release */,
			);
			defaultConfigurationIsVisible = 0;
			defaultConfigurationName = Release;
		};
		0CAFAFCE1F39DEF1007EBB26 /* Build configuration list for PBXNativeTarget "Weather_Alarm" */ = {
			isa = XCConfigurationList;
			buildConfigurations = (
				0CAFAFCF1F39DEF1007EBB26 /* Debug */,
				0CAFAFD01F39DEF1007EBB26 /* Release */,
			);
			defaultConfigurationIsVisible = 0;
			defaultConfigurationName = Release;
		};
		0CAFAFD11F39DEF1007EBB26 /* Build configuration list for PBXNativeTarget "Weather_AlarmTests" */ = {
			isa = XCConfigurationList;
			buildConfigurations = (
				0CAFAFD21F39DEF1007EBB26 /* Debug */,
				0CAFAFD31F39DEF1007EBB26 /* Release */,
			);
			defaultConfigurationIsVisible = 0;
			defaultConfigurationName = Release;
		};
		0CAFAFD41F39DEF1007EBB26 /* Build configuration list for PBXNativeTarget "Weather_AlarmUITests" */ = {
			isa = XCConfigurationList;
			buildConfigurations = (
				0CAFAFD51F39DEF1007EBB26 /* Debug */,
				0CAFAFD61F39DEF1007EBB26 /* Release */,
			);
			defaultConfigurationIsVisible = 0;
			defaultConfigurationName = Release;
		};
/* End XCConfigurationList section */
	};
	rootObject = 0CAFAF9E1F39DEF1007EBB26 /* Project object */;
}
